{
  "name": "@0xcda7a/test-runner",
  "version": "0.1.0",
  "lockfileVersion": 1,
  "requires": true,
  "dependencies": {
    "@types/node": {
      "version": "9.4.2",
      "resolved": "https://registry.npmjs.org/@types/node/-/node-9.4.2.tgz",
      "integrity": "sha512-ubLY/uq8AQR+N1vUoa5Uf2zDg4yg/bysc3o4AAZzaMRS564R+vIRYqBxwfNlmRxRDJt/c5gn/X8O9mX8Oowugw==",
      "dev": true
    },
    "@types/socket.io": {
      "version": "1.4.31",
      "resolved": "https://registry.npmjs.org/@types/socket.io/-/socket.io-1.4.31.tgz",
      "integrity": "sha512-HnO78rKiAx+tCEKYFurJvKLNAluN9B0V+yLnkJEY9BVwmCXHA7oKeLCymqP/uAgx0t+un/JM+GJOTwNQJ+ODvQ==",
      "dev": true,
      "requires": {
        "@types/node": "9.4.2"
      }
    },
    "typescript": {
      "version": "2.6.2",
      "resolved": "https://registry.npmjs.org/typescript/-/typescript-2.6.2.tgz",
      "integrity": "sha1-PFtv1/beCRQmkCfwPAlGdY92c6Q=",
      "dev": true
    }
  }
}
